// !$*UTF8*$!
{
	archiveVersion = 1;
	classes = {
	};
	objectVersion = 46;
	objects = {

/* Begin PBXBuildFile section */
		72CFD7791E0911B900BA3DA4 /* AppDelegate.swift in Sources */ = {isa = PBXBuildFile; fileRef = 72CFD7781E0911B900BA3DA4 /* AppDelegate.swift */; };
		72CFD77B1E0911B900BA3DA4 /* ViewController.swift in Sources */ = {isa = PBXBuildFile; fileRef = 72CFD77A1E0911B900BA3DA4 /* ViewController.swift */; };
		72CFD77E1E0911B900BA3DA4 /* Main.storyboard in Resources */ = {isa = PBXBuildFile; fileRef = 72CFD77C1E0911B900BA3DA4 /* Main.storyboard */; };
		72CFD7801E0911B900BA3DA4 /* Assets.xcassets in Resources */ = {isa = PBXBuildFile; fileRef = 72CFD77F1E0911B900BA3DA4 /* Assets.xcassets */; };
		72CFD7831E0911B900BA3DA4 /* LaunchScreen.storyboard in Resources */ = {isa = PBXBuildFile; fileRef = 72CFD7811E0911B900BA3DA4 /* LaunchScreen.storyboard */; };
		72CFD78C1E09123B00BA3DA4 /* ZWGifDigitLabel.swift in Sources */ = {isa = PBXBuildFile; fileRef = 72CFD78B1E09123B00BA3DA4 /* ZWGifDigitLabel.swift */; };
		72CFD78E1E09126800BA3DA4 /* ZWGifChannelView.swift in Sources */ = {isa = PBXBuildFile; fileRef = 72CFD78D1E09126800BA3DA4 /* ZWGifChannelView.swift */; };
		72CFD7901E0912A200BA3DA4 /* ZWGifChannelView.xib in Resources */ = {isa = PBXBuildFile; fileRef = 72CFD78F1E0912A200BA3DA4 /* ZWGifChannelView.xib */; };
		72CFD7921E0912CC00BA3DA4 /* ZWGifContainerView.swift in Sources */ = {isa = PBXBuildFile; fileRef = 72CFD7911E0912CC00BA3DA4 /* ZWGifContainerView.swift */; };
		72CFD7941E09143700BA3DA4 /* ZWGifModel.swift in Sources */ = {isa = PBXBuildFile; fileRef = 72CFD7931E09143700BA3DA4 /* ZWGifModel.swift */; };
/* End PBXBuildFile section */

/* Begin PBXFileReference section */
		72CFD7751E0911B900BA3DA4 /* GifAnimation.app */ = {isa = PBXFileReference; explicitFileType = wrapper.application; includeInIndex = 0; path = GifAnimation.app; sourceTree = BUILT_PRODUCTS_DIR; };
		72CFD7781E0911B900BA3DA4 /* AppDelegate.swift */ = {isa = PBXFileReference; lastKnownFileType = sourcecode.swift; path = AppDelegate.swift; sourceTree = "<group>"; };
		72CFD77A1E0911B900BA3DA4 /* ViewController.swift */ = {isa = PBXFileReference; lastKnownFileType = sourcecode.swift; path = ViewController.swift; sourceTree = "<group>"; };
		72CFD77D1E0911B900BA3DA4 /* Base */ = {isa = PBXFileReference; lastKnownFileType = file.storyboard; name = Base; path = Base.lproj/Main.storyboard; sourceTree = "<group>"; };
		72CFD77F1E0911B900BA3DA4 /* Assets.xcassets */ = {isa = PBXFileReference; lastKnownFileType = folder.assetcatalog; path = Assets.xcassets; sourceTree = "<group>"; };
		72CFD7821E0911B900BA3DA4 /* Base */ = {isa = PBXFileReference; lastKnownFileType = file.storyboard; name = Base; path = Base.lproj/LaunchScreen.storyboard; sourceTree = "<group>"; };
		72CFD7841E0911B900BA3DA4 /* Info.plist */ = {isa = PBXFileReference; lastKnownFileType = text.plist.xml; path = Info.plist; sourceTree = "<group>"; };
		72CFD78B1E09123B00BA3DA4 /* ZWGifDigitLabel.swift */ = {isa = PBXFileReference; fileEncoding = 4; lastKnownFileType = sourcecode.swift; path = ZWGifDigitLabel.swift; sourceTree = "<group>"; };
		72CFD78D1E09126800BA3DA4 /* ZWGifChannelView.swift */ = {isa = PBXFileReference; fileEncoding = 4; lastKnownFileType = sourcecode.swift; path = ZWGifChannelView.swift; sourceTree = "<group>"; };
		72CFD78F1E0912A200BA3DA4 /* ZWGifChannelView.xib */ = {isa = PBXFileReference; fileEncoding = 4; lastKnownFileType = file.xib; path = ZWGifChannelView.xib; sourceTree = "<group>"; };
		72CFD7911E0912CC00BA3DA4 /* ZWGifContainerView.swift */ = {isa = PBXFileReference; fileEncoding = 4; lastKnownFileType = sourcecode.swift; path = ZWGifContainerView.swift; sourceTree = "<group>"; };
		72CFD7931E09143700BA3DA4 /* ZWGifModel.swift */ = {isa = PBXFileReference; fileEncoding = 4; lastKnownFileType = sourcecode.swift; path = ZWGifModel.swift; sourceTree = "<group>"; };
/* End PBXFileReference section */

/* Begin PBXFrameworksBuildPhase section */
		72CFD7721E0911B900BA3DA4 /* Frameworks */ = {
			isa = PBXFrameworksBuildPhase;
			buildActionMask = 2147483647;
			files = (
			);
			runOnlyForDeploymentPostprocessing = 0;
		};
/* End PBXFrameworksBuildPhase section */

/* Begin PBXGroup section */
		72CFD76C1E0911B900BA3DA4 = {
			isa = PBXGroup;
			children = (
				72CFD7771E0911B900BA3DA4 /* GifAnimation */,
				72CFD7761E0911B900BA3DA4 /* Products */,
			);
			sourceTree = "<group>";
		};
		72CFD7761E0911B900BA3DA4 /* Products */ = {
			isa = PBXGroup;
			children = (
				72CFD7751E0911B900BA3DA4 /* GifAnimation.app */,
			);
			name = Products;
			sourceTree = "<group>";
		};
		72CFD7771E0911B900BA3DA4 /* GifAnimation */ = {
			isa = PBXGroup;
			children = (
				72CFD78A1E0911DD00BA3DA4 /* ZWGifAnimation */,
				72CFD7781E0911B900BA3DA4 /* AppDelegate.swift */,
				72CFD77A1E0911B900BA3DA4 /* ViewController.swift */,
				72CFD77C1E0911B900BA3DA4 /* Main.storyboard */,
				72CFD77F1E0911B900BA3DA4 /* Assets.xcassets */,
				72CFD7811E0911B900BA3DA4 /* LaunchScreen.storyboard */,
				72CFD7841E0911B900BA3DA4 /* Info.plist */,
			);
			path = GifAnimation;
			sourceTree = "<group>";
		};
		72CFD78A1E0911DD00BA3DA4 /* ZWGifAnimation */ = {
			isa = PBXGroup;
			children = (
				72CFD78B1E09123B00BA3DA4 /* ZWGifDigitLabel.swift */,
				72CFD78D1E09126800BA3DA4 /* ZWGifChannelView.swift */,
				72CFD78F1E0912A200BA3DA4 /* ZWGifChannelView.xib */,
				72CFD7911E0912CC00BA3DA4 /* ZWGifContainerView.swift */,
				72CFD7931E09143700BA3DA4 /* ZWGifModel.swift */,
			);
			path = ZWGifAnimation;
			sourceTree = "<group>";
		};
/* End PBXGroup section */

/* Begin PBXNativeTarget section */
		72CFD7741E0911B900BA3DA4 /* GifAnimation */ = {
			isa = PBXNativeTarget;
			buildConfigurationList = 72CFD7871E0911B900BA3DA4 /* Build configuration list for PBXNativeTarget "GifAnimation" */;
			buildPhases = (
				72CFD7711E0911B900BA3DA4 /* Sources */,
				72CFD7721E0911B900BA3DA4 /* Frameworks */,
				72CFD7731E0911B900BA3DA4 /* Resources */,
			);
			buildRules = (
			);
			dependencies = (
			);
			name = GifAnimation;
			productName = GifAnimation;
			productReference = 72CFD7751E0911B900BA3DA4 /* GifAnimation.app */;
			productType = "com.apple.product-type.application";
		};
/* End PBXNativeTarget section */

/* Begin PBXProject section */
		72CFD76D1E0911B900BA3DA4 /* Project object */ = {
			isa = PBXProject;
			attributes = {
				LastSwiftUpdateCheck = 0800;
				LastUpgradeCheck = 0800;
				ORGANIZATIONNAME = jyall;
				TargetAttributes = {
					72CFD7741E0911B900BA3DA4 = {
						CreatedOnToolsVersion = 8.0;
						DevelopmentTeam = KVL9QB8ZBZ;
						ProvisioningStyle = Automatic;
					};
				};
			};
			buildConfigurationList = 72CFD7701E0911B900BA3DA4 /* Build configuration list for PBXProject "GifAnimation" */;
			compatibilityVersion = "Xcode 3.2";
			developmentRegion = English;
			hasScannedForEncodings = 0;
			knownRegions = (
				en,
				Base,
			);
			mainGroup = 72CFD76C1E0911B900BA3DA4;
			productRefGroup = 72CFD7761E0911B900BA3DA4 /* Products */;
			projectDirPath = "";
			projectRoot = "";
			targets = (
				72CFD7741E0911B900BA3DA4 /* GifAnimation */,
			);
		};
/* End PBXProject section */

/* Begin PBXResourcesBuildPhase section */
		72CFD7731E0911B900BA3DA4 /* Resources */ = {
			isa = PBXResourcesBuildPhase;
			buildActionMask = 2147483647;
			files = (
				72CFD7901E0912A200BA3DA4 /* ZWGifChannelView.xib in Resources */,
				72CFD7831E0911B900BA3DA4 /* LaunchScreen.storyboard in Resources */,
				72CFD7801E0911B900BA3DA4 /* Assets.xcassets in Resources */,
				72CFD77E1E0911B900BA3DA4 /* Main.storyboard in Resources */,
			);
			runOnlyForDeploymentPostprocessing = 0;
		};
/* End PBXResourcesBuildPhase section */

/* Begin PBXSourcesBuildPhase section */
		72CFD7711E0911B900BA3DA4 /* Sources */ = {
			isa = PBXSourcesBuildPhase;
			buildActionMask = 2147483647;
			files = (
				72CFD7921E0912CC00BA3DA4 /* ZWGifContainerView.swift in Sources */,
				72CFD78E1E09126800BA3DA4 /* ZWGifChannelView.swift in Sources */,
				72CFD77B1E0911B900BA3DA4 /* ViewController.swift in Sources */,
				72CFD7941E09143700BA3DA4 /* ZWGifModel.swift in Sources */,
				72CFD7791E0911B900BA3DA4 /* AppDelegate.swift in Sources */,
				72CFD78C1E09123B00BA3DA4 /* ZWGifDigitLabel.swift in Sources */,
			);
			runOnlyForDeploymentPostprocessing = 0;
		};
/* End PBXSourcesBuildPhase section */

/* Begin PBXVariantGroup section */
		72CFD77C1E0911B900BA3DA4 /* Main.storyboard */ = {
			isa = PBXVariantGroup;
			children = (
				72CFD77D1E0911B900BA3DA4 /* Base */,
			);
			name = Main.storyboard;
			sourceTree = "<group>";
		};
		72CFD7811E0911B900BA3DA4 /* LaunchScreen.storyboard */ = {
			isa = PBXVariantGroup;
			children = (
				72CFD7821E0911B900BA3DA4 /* Base */,
			);
			name = LaunchScreen.storyboard;
			sourceTree = "<group>";
		};
/* End PBXVariantGroup section */

/* Begin XCBuildConfiguration section */
		72CFD7851E0911B900BA3DA4 /* Debug */ = {
			isa = XCBuildConfiguration;
			buildSettings = {
				ALWAYS_SEARCH_USER_PATHS = NO;
				CLANG_ANALYZER_NONNULL = YES;
				CLANG_CXX_LANGUAGE_STANDARD = "gnu++0x";
				CLANG_CXX_LIBRARY = "libc++";
				CLANG_ENABLE_MODULES = YES;
				CLANG_ENABLE_OBJC_ARC = YES;
				CLANG_WARN_BOOL_CONVERSION = YES;
				CLANG_WARN_CONSTANT_CONVERSION = YES;
				CLANG_WARN_DIRECT_OBJC_ISA_USAGE = YES_ERROR;
				CLANG_WARN_DOCUMENTATION_COMMENTS = YES;
				CLANG_WARN_EMPTY_BODY = YES;
				CLANG_WARN_ENUM_CONVERSION = YES;
				CLANG_WARN_INFINITE_RECURSION = YES;
				CLANG_WARN_INT_CONVERSION = YES;
				CLANG_WARN_OBJC_ROOT_CLASS = YES_ERROR;
				CLANG_WARN_SUSPICIOUS_MOVES = YES;
				CLANG_WARN_UNREACHABLE_CODE = YES;
				CLANG_WARN__DUPLICATE_METHOD_MATCH = YES;
				"CODE_SIGN_IDENTITY[sdk=iphoneos*]" = "iPhone Developer";
				COPY_PHASE_STRIP = NO;
				DEBUG_INFORMATION_FORMAT = dwarf;
				ENABLE_STRICT_OBJC_MSGSEND = YES;
				ENABLE_TESTABILITY = YES;
				GCC_C_LANGUAGE_STANDARD = gnu99;
				GCC_DYNAMIC_NO_PIC = NO;
				GCC_NO_COMMON_BLOCKS = YES;
				GCC_OPTIMIZATION_LEVEL = 0;
				GCC_PREPROCESSOR_DEFINITIONS = (
					"DEBUG=1",
					"$(inherited)",
				);
				GCC_WARN_64_TO_32_BIT_CONVERSION = YES;
				GCC_WARN_ABOUT_RETURN_TYPE = YES_ERROR;
				GCC_WARN_UNDECLARED_SELECTOR = YES;
				GCC_WARN_UNINITIALIZED_AUTOS = YES_AGGRESSIVE;
				GCC_WARN_UNUSED_FUNCTION = YES;
				GCC_WARN_UNUSED_VARIABLE = YES;
				IPHONEOS_DEPLOYMENT_TARGET = 10.0;
				MTL_ENABLE_DEBUG_INFO = YES;
				ONLY_ACTIVE_ARCH = YES;
				SDKROOT = iphoneos;
				SWIFT_ACTIVE_COMPILATION_CONDITIONS = DEBUG;
				SWIFT_OPTIMIZATION_LEVEL = "-Onone";
			};
			name = Debug;
		};
		72CFD7861E0911B900BA3DA4 /* Release */ = {
			isa = XCBuildConfiguration;
			buildSettings = {
				ALWAYS_SEARCH_USER_PATHS = NO;
				CLANG_ANALYZER_NONNULL = YES;
				CLANG_CXX_LANGUAGE_STANDARD = "gnu++0x";
				CLANG_CXX_LIBRARY = "libc++";
				CLANG_ENABLE_MODULES = YES;
				CLANG_ENABLE_OBJC_ARC = YES;
				CLANG_WARN_BOOL_CONVERSION = YES;
				CLANG_WARN_CONSTANT_CONVERSION = YES;
				CLANG_WARN_DIRECT_OBJC_ISA_USAGE = YES_ERROR;
				CLANG_WARN_DOCUMENTATION_COMMENTS = YES;
				CLANG_WARN_EMPTY_BODY = YES;
				CLANG_WARN_ENUM_CONVERSION = YES;
				CLANG_WARN_INFINITE_RECURSION = YES;
				CLANG_WARN_INT_CONVERSION = YES;
				CLANG_WARN_OBJC_ROOT_CLASS = YES_ERROR;
				CLANG_WARN_SUSPICIOUS_MOVES = YES;
				CLANG_WARN_UNREACHABLE_CODE = YES;
				CLANG_WARN__DUPLICATE_METHOD_MATCH = YES;
				"CODE_SIGN_IDENTITY[sdk=iphoneos*]" = "iPhone Developer";
				COPY_PHASE_STRIP = NO;
				DEBUG_INFORMATION_FORMAT = "dwarf-with-dsym";
				ENABLE_NS_ASSERTIONS = NO;
				ENABLE_STRICT_OBJC_MSGSEND = YES;
				GCC_C_LANGUAGE_STANDARD = gnu99;
				GCC_NO_COMMON_BLOCKS = YES;
				GCC_WARN_64_TO_32_BIT_CONVERSION = YES;
				GCC_WARN_ABOUT_RETURN_TYPE = YES_ERROR;
				GCC_WARN_UNDECLARED_SELECTOR = YES;
				GCC_WARN_UNINITIALIZED_AUTOS = YES_AGGRESSIVE;
				GCC_WARN_UNUSED_FUNCTION = YES;
				GCC_WARN_UNUSED_VARIABLE = YES;
				IPHONEOS_DEPLOYMENT_TARGET = 10.0;
				MTL_ENABLE_DEBUG_INFO = NO;
				SDKROOT = iphoneos;
				SWIFT_OPTIMIZATION_LEVEL = "-Owholemodule";
				VALIDATE_PRODUCT = YES;
			};
			name = Release;
		};
		72CFD7881E0911B900BA3DA4 /* Debug */ = {
			isa = XCBuildConfiguration;
			buildSettings = {
				ASSETCATALOG_COMPILER_APPICON_NAME = AppIcon;
				DEVELOPMENT_TEAM = KVL9QB8ZBZ;
				INFOPLIST_FILE = GifAnimation/Info.plist;
				LD_RUNPATH_SEARCH_PATHS = "$(inherited) @executable_path/Frameworks";
				PRODUCT_BUNDLE_IDENTIFIER = jyall.GifAnimation;
				PRODUCT_NAME = "$(TARGET_NAME)";
				SWIFT_VERSION = 3.0;
			};
			name = Debug;
		};
		72CFD7891E0911B900BA3DA4 /* Release */ = {
			isa = XCBuildConfiguration;
			buildSettings = {
				ASSETCATALOG_COMPILER_APPICON_NAME = AppIcon;
				DEVELOPMENT_TEAM = KVL9QB8ZBZ;
				INFOPLIST_FILE = GifAnimation/Info.plist;
				LD_RUNPATH_SEARCH_PATHS = "$(inherited) @executable_path/Frameworks";
				PRODUCT_BUNDLE_IDENTIFIER = jyall.GifAnimation;
				PRODUCT_NAME = "$(TARGET_NAME)";
				SWIFT_VERSION = 3.0;
			};
			name = Release;
		};
/* End XCBuildConfiguration section */

/* Begin XCConfigurationList section */
		72CFD7701E0911B900BA3DA4 /* Build configuration list for PBXProject "GifAnimation" */ = {
			isa = XCConfigurationList;
			buildConfigurations = (
				72CFD7851E0911B900BA3DA4 /* Debug */,
				72CFD7861E0911B900BA3DA4 /* Release */,
			);
			defaultConfigurationIsVisible = 0;
			defaultConfigurationName = Release;
		};
		72CFD7871E0911B900BA3DA4 /* Build configuration list for PBXNativeTarget "GifAnimation" */ = {
			isa = XCConfigurationList;
			buildConfigurations = (
				72CFD7881E0911B900BA3DA4 /* Debug */,
				72CFD7891E0911B900BA3DA4 /* Release */,
			);
			defaultConfigurationIsVisible = 0;
		};
/* End XCConfigurationList section */
	};
	rootObject = 72CFD76D1E0911B900BA3DA4 /* Project object */;
}
